// !$*UTF8*$!
{
	archiveVersion = 1;
	classes = {
	};
	objectVersion = 50;
	objects = {

/* Begin PBXBuildFile section */
		FF147E732842248400068C18 /* AsyncImage.swift in Sources */ = {isa = PBXBuildFile; fileRef = FF147E722842248400068C18 /* AsyncImage.swift */; };
		FF147E7B28422C7600068C18 /* DetailViewController.swift in Sources */ = {isa = PBXBuildFile; fileRef = FF147E7A28422C7600068C18 /* DetailViewController.swift */; };
		FF147E8328423FF300068C18 /* Stringformat.swift in Sources */ = {isa = PBXBuildFile; fileRef = FF147E8228423FF300068C18 /* Stringformat.swift */; };
		FF2458E82843A8F20065247E /* Constant.swift in Sources */ = {isa = PBXBuildFile; fileRef = FF2458E72843A8F20065247E /* Constant.swift */; };
		FF2458EF28442EFC0065247E /* MVVMTests.swift in Sources */ = {isa = PBXBuildFile; fileRef = FFDB398128418206000F1699 /* MVVMTests.swift */; };
		FF39A8162842F0080066B75C /* LikeViewModel.swift in Sources */ = {isa = PBXBuildFile; fileRef = FF39A8152842F0080066B75C /* LikeViewModel.swift */; };
		FF39A81B2842F03F0066B75C /* NewsLike.swift in Sources */ = {isa = PBXBuildFile; fileRef = FF39A81A2842F03F0066B75C /* NewsLike.swift */; };
		FF39A8202842F0570066B75C /* NewsComment.swift in Sources */ = {isa = PBXBuildFile; fileRef = FF39A81F2842F0570066B75C /* NewsComment.swift */; };
		FFDB396B28418204000F1699 /* AppDelegate.swift in Sources */ = {isa = PBXBuildFile; fileRef = FFDB396A28418204000F1699 /* AppDelegate.swift */; };
		FFDB396D28418204000F1699 /* SceneDelegate.swift in Sources */ = {isa = PBXBuildFile; fileRef = FFDB396C28418204000F1699 /* SceneDelegate.swift */; };
		FFDB396F28418204000F1699 /* NewsViewController.swift in Sources */ = {isa = PBXBuildFile; fileRef = FFDB396E28418204000F1699 /* NewsViewController.swift */; };
		FFDB397228418204000F1699 /* Main.storyboard in Resources */ = {isa = PBXBuildFile; fileRef = FFDB397028418204000F1699 /* Main.storyboard */; };
		FFDB397428418206000F1699 /* Assets.xcassets in Resources */ = {isa = PBXBuildFile; fileRef = FFDB397328418206000F1699 /* Assets.xcassets */; };
		FFDB397728418206000F1699 /* LaunchScreen.storyboard in Resources */ = {isa = PBXBuildFile; fileRef = FFDB397528418206000F1699 /* LaunchScreen.storyboard */; };
		FFDB398D28418206000F1699 /* MVVMUITests.swift in Sources */ = {isa = PBXBuildFile; fileRef = FFDB398C28418206000F1699 /* MVVMUITests.swift */; };
		FFDB39A328418499000F1699 /* NewsTableViewCell.swift in Sources */ = {isa = PBXBuildFile; fileRef = FFDB39A228418499000F1699 /* NewsTableViewCell.swift */; };
		FFDB39A828418906000F1699 /* TopNews.swift in Sources */ = {isa = PBXBuildFile; fileRef = FFDB39A728418906000F1699 /* TopNews.swift */; };
		FFDB39AE284190F8000F1699 /* APIService.swift in Sources */ = {isa = PBXBuildFile; fileRef = FFDB39AD284190F8000F1699 /* APIService.swift */; };
		FFDB39B328419441000F1699 /* TopNewsResult.swift in Sources */ = {isa = PBXBuildFile; fileRef = FFDB39B228419441000F1699 /* TopNewsResult.swift */; };
		FFDB39BB28419F51000F1699 /* TopNewsViewModel.swift in Sources */ = {isa = PBXBuildFile; fileRef = FFDB39BA28419F51000F1699 /* TopNewsViewModel.swift */; };
/* End PBXBuildFile section */

/* Begin PBXContainerItemProxy section */
		FFDB397E28418206000F1699 /* PBXContainerItemProxy */ = {
			isa = PBXContainerItemProxy;
			containerPortal = FFDB395F28418204000F1699 /* Project object */;
			proxyType = 1;
			remoteGlobalIDString = FFDB396628418204000F1699;
			remoteInfo = MVVM;
		};
		FFDB398928418206000F1699 /* PBXContainerItemProxy */ = {
			isa = PBXContainerItemProxy;
			containerPortal = FFDB395F28418204000F1699 /* Project object */;
			proxyType = 1;
			remoteGlobalIDString = FFDB396628418204000F1699;
			remoteInfo = MVVM;
		};
/* End PBXContainerItemProxy section */

/* Begin PBXFileReference section */
		FF147E722842248400068C18 /* AsyncImage.swift */ = {isa = PBXFileReference; lastKnownFileType = sourcecode.swift; path = AsyncImage.swift; sourceTree = "<group>"; };
		FF147E7A28422C7600068C18 /* DetailViewController.swift */ = {isa = PBXFileReference; lastKnownFileType = sourcecode.swift; path = DetailViewController.swift; sourceTree = "<group>"; };
		FF147E8228423FF300068C18 /* Stringformat.swift */ = {isa = PBXFileReference; lastKnownFileType = sourcecode.swift; path = Stringformat.swift; sourceTree = "<group>"; };
		FF2458E72843A8F20065247E /* Constant.swift */ = {isa = PBXFileReference; lastKnownFileType = sourcecode.swift; path = Constant.swift; sourceTree = "<group>"; };
		FF39A8152842F0080066B75C /* LikeViewModel.swift */ = {isa = PBXFileReference; lastKnownFileType = sourcecode.swift; path = LikeViewModel.swift; sourceTree = "<group>"; };
		FF39A81A2842F03F0066B75C /* NewsLike.swift */ = {isa = PBXFileReference; lastKnownFileType = sourcecode.swift; path = NewsLike.swift; sourceTree = "<group>"; };
		FF39A81F2842F0570066B75C /* NewsComment.swift */ = {isa = PBXFileReference; lastKnownFileType = sourcecode.swift; path = NewsComment.swift; sourceTree = "<group>"; };
		FFDB396728418204000F1699 /* MVVM.app */ = {isa = PBXFileReference; explicitFileType = wrapper.application; includeInIndex = 0; path = MVVM.app; sourceTree = BUILT_PRODUCTS_DIR; };
		FFDB396A28418204000F1699 /* AppDelegate.swift */ = {isa = PBXFileReference; lastKnownFileType = sourcecode.swift; path = AppDelegate.swift; sourceTree = "<group>"; };
		FFDB396C28418204000F1699 /* SceneDelegate.swift */ = {isa = PBXFileReference; lastKnownFileType = sourcecode.swift; path = SceneDelegate.swift; sourceTree = "<group>"; };
		FFDB396E28418204000F1699 /* NewsViewController.swift */ = {isa = PBXFileReference; lastKnownFileType = sourcecode.swift; path = NewsViewController.swift; sourceTree = "<group>"; };
		FFDB397128418204000F1699 /* Base */ = {isa = PBXFileReference; lastKnownFileType = file.storyboard; name = Base; path = Base.lproj/Main.storyboard; sourceTree = "<group>"; };
		FFDB397328418206000F1699 /* Assets.xcassets */ = {isa = PBXFileReference; lastKnownFileType = folder.assetcatalog; path = Assets.xcassets; sourceTree = "<group>"; };
		FFDB397628418206000F1699 /* Base */ = {isa = PBXFileReference; lastKnownFileType = file.storyboard; name = Base; path = Base.lproj/LaunchScreen.storyboard; sourceTree = "<group>"; };
		FFDB397828418206000F1699 /* Info.plist */ = {isa = PBXFileReference; lastKnownFileType = text.plist.xml; path = Info.plist; sourceTree = "<group>"; };
		FFDB397D28418206000F1699 /* MVVMTests.xctest */ = {isa = PBXFileReference; explicitFileType = wrapper.cfbundle; includeInIndex = 0; path = MVVMTests.xctest; sourceTree = BUILT_PRODUCTS_DIR; };
		FFDB398128418206000F1699 /* MVVMTests.swift */ = {isa = PBXFileReference; lastKnownFileType = sourcecode.swift; path = MVVMTests.swift; sourceTree = "<group>"; };
		FFDB398328418206000F1699 /* Info.plist */ = {isa = PBXFileReference; lastKnownFileType = text.plist.xml; path = Info.plist; sourceTree = "<group>"; };
		FFDB398828418206000F1699 /* MVVMUITests.xctest */ = {isa = PBXFileReference; explicitFileType = wrapper.cfbundle; includeInIndex = 0; path = MVVMUITests.xctest; sourceTree = BUILT_PRODUCTS_DIR; };
		FFDB398C28418206000F1699 /* MVVMUITests.swift */ = {isa = PBXFileReference; lastKnownFileType = sourcecode.swift; path = MVVMUITests.swift; sourceTree = "<group>"; };
		FFDB398E28418206000F1699 /* Info.plist */ = {isa = PBXFileReference; lastKnownFileType = text.plist.xml; path = Info.plist; sourceTree = "<group>"; };
		FFDB39A228418499000F1699 /* NewsTableViewCell.swift */ = {isa = PBXFileReference; lastKnownFileType = sourcecode.swift; path = NewsTableViewCell.swift; sourceTree = "<group>"; };
		FFDB39A728418906000F1699 /* TopNews.swift */ = {isa = PBXFileReference; lastKnownFileType = sourcecode.swift; path = TopNews.swift; sourceTree = "<group>"; };
		FFDB39AD284190F8000F1699 /* APIService.swift */ = {isa = PBXFileReference; lastKnownFileType = sourcecode.swift; path = APIService.swift; sourceTree = "<group>"; };
		FFDB39B228419441000F1699 /* TopNewsResult.swift */ = {isa = PBXFileReference; lastKnownFileType = sourcecode.swift; path = TopNewsResult.swift; sourceTree = "<group>"; };
		FFDB39BA28419F51000F1699 /* TopNewsViewModel.swift */ = {isa = PBXFileReference; lastKnownFileType = sourcecode.swift; path = TopNewsViewModel.swift; sourceTree = "<group>"; };
/* End PBXFileReference section */

/* Begin PBXFrameworksBuildPhase section */
		FFDB396428418204000F1699 /* Frameworks */ = {
			isa = PBXFrameworksBuildPhase;
			buildActionMask = 2147483647;
			files = (
			);
			runOnlyForDeploymentPostprocessing = 0;
		};
		FFDB397A28418206000F1699 /* Frameworks */ = {
			isa = PBXFrameworksBuildPhase;
			buildActionMask = 2147483647;
			files = (
			);
			runOnlyForDeploymentPostprocessing = 0;
		};
		FFDB398528418206000F1699 /* Frameworks */ = {
			isa = PBXFrameworksBuildPhase;
			buildActionMask = 2147483647;
			files = (
			);
			runOnlyForDeploymentPostprocessing = 0;
		};
/* End PBXFrameworksBuildPhase section */

/* Begin PBXGroup section */
		FF147E712842244F00068C18 /* Utility */ = {
			isa = PBXGroup;
			children = (
				FF147E722842248400068C18 /* AsyncImage.swift */,
				FF147E8228423FF300068C18 /* Stringformat.swift */,
			);
			path = Utility;
			sourceTree = "<group>";
		};
		FF2458E62843A8B60065247E /* Constants */ = {
			isa = PBXGroup;
			children = (
				FF2458E72843A8F20065247E /* Constant.swift */,
			);
			path = Constants;
			sourceTree = "<group>";
		};
		FFDB395E28418204000F1699 = {
			isa = PBXGroup;
			children = (
				FFDB396928418204000F1699 /* MVVM */,
				FFDB398028418206000F1699 /* MVVMTests */,
				FFDB398B28418206000F1699 /* MVVMUITests */,
				FFDB396828418204000F1699 /* Products */,
			);
			sourceTree = "<group>";
		};
		FFDB396828418204000F1699 /* Products */ = {
			isa = PBXGroup;
			children = (
				FFDB396728418204000F1699 /* MVVM.app */,
				FFDB397D28418206000F1699 /* MVVMTests.xctest */,
				FFDB398828418206000F1699 /* MVVMUITests.xctest */,
			);
			name = Products;
			sourceTree = "<group>";
		};
		FFDB396928418204000F1699 /* MVVM */ = {
			isa = PBXGroup;
			children = (
				FF2458E62843A8B60065247E /* Constants */,
				FF147E712842244F00068C18 /* Utility */,
				FFDB39AC284190B7000F1699 /* Service */,
				FFDB39A02841843C000F1699 /* Screens */,
				FFDB396A28418204000F1699 /* AppDelegate.swift */,
				FFDB396C28418204000F1699 /* SceneDelegate.swift */,
				FFDB397028418204000F1699 /* Main.storyboard */,
				FFDB397328418206000F1699 /* Assets.xcassets */,
				FFDB397528418206000F1699 /* LaunchScreen.storyboard */,
				FFDB397828418206000F1699 /* Info.plist */,
			);
			path = MVVM;
			sourceTree = "<group>";
		};
		FFDB398028418206000F1699 /* MVVMTests */ = {
			isa = PBXGroup;
			children = (
				FFDB398128418206000F1699 /* MVVMTests.swift */,
				FFDB398328418206000F1699 /* Info.plist */,
			);
			path = MVVMTests;
			sourceTree = "<group>";
		};
		FFDB398B28418206000F1699 /* MVVMUITests */ = {
			isa = PBXGroup;
			children = (
				FFDB398C28418206000F1699 /* MVVMUITests.swift */,
				FFDB398E28418206000F1699 /* Info.plist */,
			);
			path = MVVMUITests;
			sourceTree = "<group>";
		};
		FFDB399D28418226000F1699 /* Model */ = {
			isa = PBXGroup;
			children = (
				FFDB39A728418906000F1699 /* TopNews.swift */,
				FFDB39B228419441000F1699 /* TopNewsResult.swift */,
				FF39A81A2842F03F0066B75C /* NewsLike.swift */,
				FF39A81F2842F0570066B75C /* NewsComment.swift */,
			);
			path = Model;
			sourceTree = "<group>";
		};
		FFDB399E28418232000F1699 /* View */ = {
			isa = PBXGroup;
			children = (
				FFDB396E28418204000F1699 /* NewsViewController.swift */,
				FFDB39A228418499000F1699 /* NewsTableViewCell.swift */,
				FF147E7A28422C7600068C18 /* DetailViewController.swift */,
			);
			path = View;
			sourceTree = "<group>";
		};
		FFDB399F2841823C000F1699 /* ViewModel */ = {
			isa = PBXGroup;
			children = (
				FFDB39BA28419F51000F1699 /* TopNewsViewModel.swift */,
				FF39A8152842F0080066B75C /* LikeViewModel.swift */,
			);
			path = ViewModel;
			sourceTree = "<group>";
		};
		FFDB39A02841843C000F1699 /* Screens */ = {
			isa = PBXGroup;
			children = (
				FFDB39A12841844B000F1699 /* News */,
			);
			path = Screens;
			sourceTree = "<group>";
		};
		FFDB39A12841844B000F1699 /* News */ = {
			isa = PBXGroup;
			children = (
				FFDB399F2841823C000F1699 /* ViewModel */,
				FFDB399E28418232000F1699 /* View */,
				FFDB399D28418226000F1699 /* Model */,
			);
			path = News;
			sourceTree = "<group>";
		};
		FFDB39AC284190B7000F1699 /* Service */ = {
			isa = PBXGroup;
			children = (
				FFDB39AD284190F8000F1699 /* APIService.swift */,
			);
			path = Service;
			sourceTree = "<group>";
		};
/* End PBXGroup section */

/* Begin PBXNativeTarget section */
		FFDB396628418204000F1699 /* MVVM */ = {
			isa = PBXNativeTarget;
			buildConfigurationList = FFDB399128418206000F1699 /* Build configuration list for PBXNativeTarget "MVVM" */;
			buildPhases = (
				FFDB396328418204000F1699 /* Sources */,
				FFDB396428418204000F1699 /* Frameworks */,
				FFDB396528418204000F1699 /* Resources */,
			);
			buildRules = (
			);
			dependencies = (
			);
			name = MVVM;
			productName = MVVM;
			productReference = FFDB396728418204000F1699 /* MVVM.app */;
			productType = "com.apple.product-type.application";
		};
		FFDB397C28418206000F1699 /* MVVMTests */ = {
			isa = PBXNativeTarget;
			buildConfigurationList = FFDB399428418206000F1699 /* Build configuration list for PBXNativeTarget "MVVMTests" */;
			buildPhases = (
				FFDB397928418206000F1699 /* Sources */,
				FFDB397A28418206000F1699 /* Frameworks */,
				FFDB397B28418206000F1699 /* Resources */,
			);
			buildRules = (
			);
			dependencies = (
				FFDB397F28418206000F1699 /* PBXTargetDependency */,
			);
			name = MVVMTests;
			productName = MVVMTests;
			productReference = FFDB397D28418206000F1699 /* MVVMTests.xctest */;
			productType = "com.apple.product-type.bundle.unit-test";
		};
		FFDB398728418206000F1699 /* MVVMUITests */ = {
			isa = PBXNativeTarget;
			buildConfigurationList = FFDB399728418206000F1699 /* Build configuration list for PBXNativeTarget "MVVMUITests" */;
			buildPhases = (
				FFDB398428418206000F1699 /* Sources */,
				FFDB398528418206000F1699 /* Frameworks */,
				FFDB398628418206000F1699 /* Resources */,
			);
			buildRules = (
			);
			dependencies = (
				FFDB398A28418206000F1699 /* PBXTargetDependency */,
			);
			name = MVVMUITests;
			productName = MVVMUITests;
			productReference = FFDB398828418206000F1699 /* MVVMUITests.xctest */;
			productType = "com.apple.product-type.bundle.ui-testing";
		};
/* End PBXNativeTarget section */

/* Begin PBXProject section */
		FFDB395F28418204000F1699 /* Project object */ = {
			isa = PBXProject;
			attributes = {
				LastSwiftUpdateCheck = 1240;
				LastUpgradeCheck = 1240;
				TargetAttributes = {
					FFDB396628418204000F1699 = {
						CreatedOnToolsVersion = 12.4;
					};
					FFDB397C28418206000F1699 = {
						CreatedOnToolsVersion = 12.4;
						TestTargetID = FFDB396628418204000F1699;
					};
					FFDB398728418206000F1699 = {
						CreatedOnToolsVersion = 12.4;
						TestTargetID = FFDB396628418204000F1699;
					};
				};
			};
			buildConfigurationList = FFDB396228418204000F1699 /* Build configuration list for PBXProject "MVVM" */;
			compatibilityVersion = "Xcode 9.3";
			developmentRegion = en;
			hasScannedForEncodings = 0;
			knownRegions = (
				en,
				Base,
			);
			mainGroup = FFDB395E28418204000F1699;
			productRefGroup = FFDB396828418204000F1699 /* Products */;
			projectDirPath = "";
			projectRoot = "";
			targets = (
				FFDB396628418204000F1699 /* MVVM */,
				FFDB397C28418206000F1699 /* MVVMTests */,
				FFDB398728418206000F1699 /* MVVMUITests */,
			);
		};
/* End PBXProject section */

/* Begin PBXResourcesBuildPhase section */
		FFDB396528418204000F1699 /* Resources */ = {
			isa = PBXResourcesBuildPhase;
			buildActionMask = 2147483647;
			files = (
				FFDB397728418206000F1699 /* LaunchScreen.storyboard in Resources */,
				FFDB397428418206000F1699 /* Assets.xcassets in Resources */,
				FFDB397228418204000F1699 /* Main.storyboard in Resources */,
			);
			runOnlyForDeploymentPostprocessing = 0;
		};
		FFDB397B28418206000F1699 /* Resources */ = {
			isa = PBXResourcesBuildPhase;
			buildActionMask = 2147483647;
			files = (
			);
			runOnlyForDeploymentPostprocessing = 0;
		};
		FFDB398628418206000F1699 /* Resources */ = {
			isa = PBXResourcesBuildPhase;
			buildActionMask = 2147483647;
			files = (
			);
			runOnlyForDeploymentPostprocessing = 0;
		};
/* End PBXResourcesBuildPhase section */

/* Begin PBXSourcesBuildPhase section */
		FFDB396328418204000F1699 /* Sources */ = {
			isa = PBXSourcesBuildPhase;
			buildActionMask = 2147483647;
			files = (
				FFDB39B328419441000F1699 /* TopNewsResult.swift in Sources */,
				FF147E732842248400068C18 /* AsyncImage.swift in Sources */,
				FF2458E82843A8F20065247E /* Constant.swift in Sources */,
				FFDB396F28418204000F1699 /* NewsViewController.swift in Sources */,
				FFDB39A828418906000F1699 /* TopNews.swift in Sources */,
				FFDB396B28418204000F1699 /* AppDelegate.swift in Sources */,
				FFDB39A328418499000F1699 /* NewsTableViewCell.swift in Sources */,
				FF39A81B2842F03F0066B75C /* NewsLike.swift in Sources */,
				FFDB39BB28419F51000F1699 /* TopNewsViewModel.swift in Sources */,
				FF39A8202842F0570066B75C /* NewsComment.swift in Sources */,
				FF147E8328423FF300068C18 /* Stringformat.swift in Sources */,
				FF147E7B28422C7600068C18 /* DetailViewController.swift in Sources */,
				FFDB39AE284190F8000F1699 /* APIService.swift in Sources */,
				FFDB396D28418204000F1699 /* SceneDelegate.swift in Sources */,
				FF39A8162842F0080066B75C /* LikeViewModel.swift in Sources */,
			);
			runOnlyForDeploymentPostprocessing = 0;
		};
		FFDB397928418206000F1699 /* Sources */ = {
			isa = PBXSourcesBuildPhase;
			buildActionMask = 2147483647;
			files = (
				FF2458EF28442EFC0065247E /* MVVMTests.swift in Sources */,
			);
			runOnlyForDeploymentPostprocessing = 0;
		};
		FFDB398428418206000F1699 /* Sources */ = {
			isa = PBXSourcesBuildPhase;
			buildActionMask = 2147483647;
			files = (
				FFDB398D28418206000F1699 /* MVVMUITests.swift in Sources */,
			);
			runOnlyForDeploymentPostprocessing = 0;
		};
/* End PBXSourcesBuildPhase section */

/* Begin PBXTargetDependency section */
		FFDB397F28418206000F1699 /* PBXTargetDependency */ = {
			isa = PBXTargetDependency;
			target = FFDB396628418204000F1699 /* MVVM */;
			targetProxy = FFDB397E28418206000F1699 /* PBXContainerItemProxy */;
		};
		FFDB398A28418206000F1699 /* PBXTargetDependency */ = {
			isa = PBXTargetDependency;
			target = FFDB396628418204000F1699 /* MVVM */;
			targetProxy = FFDB398928418206000F1699 /* PBXContainerItemProxy */;
		};
/* End PBXTargetDependency section */

/* Begin PBXVariantGroup section */
		FFDB397028418204000F1699 /* Main.storyboard */ = {
			isa = PBXVariantGroup;
			children = (
				FFDB397128418204000F1699 /* Base */,
			);
			name = Main.storyboard;
			sourceTree = "<group>";
		};
		FFDB397528418206000F1699 /* LaunchScreen.storyboard */ = {
			isa = PBXVariantGroup;
			children = (
				FFDB397628418206000F1699 /* Base */,
			);
			name = LaunchScreen.storyboard;
			sourceTree = "<group>";
		};
/* End PBXVariantGroup section */

/* Begin XCBuildConfiguration section */
		FFDB398F28418206000F1699 /* Debug */ = {
			isa = XCBuildConfiguration;
			buildSettings = {
				ALWAYS_SEARCH_USER_PATHS = NO;
				CLANG_ANALYZER_NONNULL = YES;
				CLANG_ANALYZER_NUMBER_OBJECT_CONVERSION = YES_AGGRESSIVE;
				CLANG_CXX_LANGUAGE_STANDARD = "gnu++14";
				CLANG_CXX_LIBRARY = "libc++";
				CLANG_ENABLE_MODULES = YES;
				CLANG_ENABLE_OBJC_ARC = YES;
				CLANG_ENABLE_OBJC_WEAK = YES;
				CLANG_WARN_BLOCK_CAPTURE_AUTORELEASING = YES;
				CLANG_WARN_BOOL_CONVERSION = YES;
				CLANG_WARN_COMMA = YES;
				CLANG_WARN_CONSTANT_CONVERSION = YES;
				CLANG_WARN_DEPRECATED_OBJC_IMPLEMENTATIONS = YES;
				CLANG_WARN_DIRECT_OBJC_ISA_USAGE = YES_ERROR;
				CLANG_WARN_DOCUMENTATION_COMMENTS = YES;
				CLANG_WARN_EMPTY_BODY = YES;
				CLANG_WARN_ENUM_CONVERSION = YES;
				CLANG_WARN_INFINITE_RECURSION = YES;
				CLANG_WARN_INT_CONVERSION = YES;
				CLANG_WARN_NON_LITERAL_NULL_CONVERSION = YES;
				CLANG_WARN_OBJC_IMPLICIT_RETAIN_SELF = YES;
				CLANG_WARN_OBJC_LITERAL_CONVERSION = YES;
				CLANG_WARN_OBJC_ROOT_CLASS = YES_ERROR;
				CLANG_WARN_QUOTED_INCLUDE_IN_FRAMEWORK_HEADER = YES;
				CLANG_WARN_RANGE_LOOP_ANALYSIS = YES;
				CLANG_WARN_STRICT_PROTOTYPES = YES;
				CLANG_WARN_SUSPICIOUS_MOVE = YES;
				CLANG_WARN_UNGUARDED_AVAILABILITY = YES_AGGRESSIVE;
				CLANG_WARN_UNREACHABLE_CODE = YES;
				CLANG_WARN__DUPLICATE_METHOD_MATCH = YES;
				COPY_PHASE_STRIP = NO;
				DEBUG_INFORMATION_FORMAT = dwarf;
				ENABLE_STRICT_OBJC_MSGSEND = YES;
				ENABLE_TESTABILITY = YES;
				GCC_C_LANGUAGE_STANDARD = gnu11;
				GCC_DYNAMIC_NO_PIC = NO;
				GCC_NO_COMMON_BLOCKS = YES;
				GCC_OPTIMIZATION_LEVEL = 0;
				GCC_PREPROCESSOR_DEFINITIONS = (
					"DEBUG=1",
					"$(inherited)",
				);
				GCC_WARN_64_TO_32_BIT_CONVERSION = YES;
				GCC_WARN_ABOUT_RETURN_TYPE = YES_ERROR;
				GCC_WARN_UNDECLARED_SELECTOR = YES;
				GCC_WARN_UNINITIALIZED_AUTOS = YES_AGGRESSIVE;
				GCC_WARN_UNUSED_FUNCTION = YES;
				GCC_WARN_UNUSED_VARIABLE = YES;
				IPHONEOS_DEPLOYMENT_TARGET = 14.4;
				MTL_ENABLE_DEBUG_INFO = INCLUDE_SOURCE;
				MTL_FAST_MATH = YES;
				ONLY_ACTIVE_ARCH = YES;
				SDKROOT = iphoneos;
				SWIFT_ACTIVE_COMPILATION_CONDITIONS = DEBUG;
				SWIFT_OPTIMIZATION_LEVEL = "-Onone";
			};
			name = Debug;
		};
		FFDB399028418206000F1699 /* Release */ = {
			isa = XCBuildConfiguration;
			buildSettings = {
				ALWAYS_SEARCH_USER_PATHS = NO;
				CLANG_ANALYZER_NONNULL = YES;
				CLANG_ANALYZER_NUMBER_OBJECT_CONVERSION = YES_AGGRESSIVE;
				CLANG_CXX_LANGUAGE_STANDARD = "gnu++14";
				CLANG_CXX_LIBRARY = "libc++";
				CLANG_ENABLE_MODULES = YES;
				CLANG_ENABLE_OBJC_ARC = YES;
				CLANG_ENABLE_OBJC_WEAK = YES;
				CLANG_WARN_BLOCK_CAPTURE_AUTORELEASING = YES;
				CLANG_WARN_BOOL_CONVERSION = YES;
				CLANG_WARN_COMMA = YES;
				CLANG_WARN_CONSTANT_CONVERSION = YES;
				CLANG_WARN_DEPRECATED_OBJC_IMPLEMENTATIONS = YES;
				CLANG_WARN_DIRECT_OBJC_ISA_USAGE = YES_ERROR;
				CLANG_WARN_DOCUMENTATION_COMMENTS = YES;
				CLANG_WARN_EMPTY_BODY = YES;
				CLANG_WARN_ENUM_CONVERSION = YES;
				CLANG_WARN_INFINITE_RECURSION = YES;
				CLANG_WARN_INT_CONVERSION = YES;
				CLANG_WARN_NON_LITERAL_NULL_CONVERSION = YES;
				CLANG_WARN_OBJC_IMPLICIT_RETAIN_SELF = YES;
				CLANG_WARN_OBJC_LITERAL_CONVERSION = YES;
				CLANG_WARN_OBJC_ROOT_CLASS = YES_ERROR;
				CLANG_WARN_QUOTED_INCLUDE_IN_FRAMEWORK_HEADER = YES;
				CLANG_WARN_RANGE_LOOP_ANALYSIS = YES;
				CLANG_WARN_STRICT_PROTOTYPES = YES;
				CLANG_WARN_SUSPICIOUS_MOVE = YES;
				CLANG_WARN_UNGUARDED_AVAILABILITY = YES_AGGRESSIVE;
				CLANG_WARN_UNREACHABLE_CODE = YES;
				CLANG_WARN__DUPLICATE_METHOD_MATCH = YES;
				COPY_PHASE_STRIP = NO;
				DEBUG_INFORMATION_FORMAT = "dwarf-with-dsym";
				ENABLE_NS_ASSERTIONS = NO;
				ENABLE_STRICT_OBJC_MSGSEND = YES;
				GCC_C_LANGUAGE_STANDARD = gnu11;
				GCC_NO_COMMON_BLOCKS = YES;
				GCC_WARN_64_TO_32_BIT_CONVERSION = YES;
				GCC_WARN_ABOUT_RETURN_TYPE = YES_ERROR;
				GCC_WARN_UNDECLARED_SELECTOR = YES;
				GCC_WARN_UNINITIALIZED_AUTOS = YES_AGGRESSIVE;
				GCC_WARN_UNUSED_FUNCTION = YES;
				GCC_WARN_UNUSED_VARIABLE = YES;
				IPHONEOS_DEPLOYMENT_TARGET = 14.4;
				MTL_ENABLE_DEBUG_INFO = NO;
				MTL_FAST_MATH = YES;
				SDKROOT = iphoneos;
				SWIFT_COMPILATION_MODE = wholemodule;
				SWIFT_OPTIMIZATION_LEVEL = "-O";
				VALIDATE_PRODUCT = YES;
			};
			name = Release;
		};
		FFDB399228418206000F1699 /* Debug */ = {
			isa = XCBuildConfiguration;
			buildSettings = {
				ASSETCATALOG_COMPILER_APPICON_NAME = AppIcon;
				ASSETCATALOG_COMPILER_GLOBAL_ACCENT_COLOR_NAME = AccentColor;
				CODE_SIGN_STYLE = Automatic;
				DEVELOPMENT_TEAM = WVB4ADN5MV;
				INFOPLIST_FILE = MVVM/Info.plist;
				LD_RUNPATH_SEARCH_PATHS = (
					"$(inherited)",
					"@executable_path/Frameworks",
				);
				PRODUCT_BUNDLE_IDENTIFIER = com.db.sample.MVVM;
				PRODUCT_NAME = "$(TARGET_NAME)";
				SWIFT_VERSION = 5.0;
				TARGETED_DEVICE_FAMILY = "1,2";
			};
			name = Debug;
		};
		FFDB399328418206000F1699 /* Release */ = {
			isa = XCBuildConfiguration;
			buildSettings = {
				ASSETCATALOG_COMPILER_APPICON_NAME = AppIcon;
				ASSETCATALOG_COMPILER_GLOBAL_ACCENT_COLOR_NAME = AccentColor;
				CODE_SIGN_STYLE = Automatic;
				DEVELOPMENT_TEAM = WVB4ADN5MV;
				INFOPLIST_FILE = MVVM/Info.plist;
				LD_RUNPATH_SEARCH_PATHS = (
					"$(inherited)",
					"@executable_path/Frameworks",
				);
				PRODUCT_BUNDLE_IDENTIFIER = com.db.sample.MVVM;
				PRODUCT_NAME = "$(TARGET_NAME)";
				SWIFT_VERSION = 5.0;
				TARGETED_DEVICE_FAMILY = "1,2";
			};
			name = Release;
		};
		FFDB399528418206000F1699 /* Debug */ = {
			isa = XCBuildConfiguration;
			buildSettings = {
				ALWAYS_EMBED_SWIFT_STANDARD_LIBRARIES = YES;
				BUNDLE_LOADER = "$(TEST_HOST)";
				CODE_SIGN_STYLE = Automatic;
				DEVELOPMENT_TEAM = WVB4ADN5MV;
				INFOPLIST_FILE = MVVMTests/Info.plist;
				IPHONEOS_DEPLOYMENT_TARGET = 14.4;
				LD_RUNPATH_SEARCH_PATHS = (
					"$(inherited)",
					"@executable_path/Frameworks",
					"@loader_path/Frameworks",
				);
				PRODUCT_BUNDLE_IDENTIFIER = com.db.sample.MVVMTests;
				PRODUCT_NAME = "$(TARGET_NAME)";
				SWIFT_VERSION = 5.0;
				TARGETED_DEVICE_FAMILY = "1,2";
				TEST_HOST = "$(BUILT_PRODUCTS_DIR)/MVVM.app/MVVM";
			};
			name = Debug;
		};
		FFDB399628418206000F1699 /* Release */ = {
			isa = XCBuildConfiguration;
			buildSettings = {
				ALWAYS_EMBED_SWIFT_STANDARD_LIBRARIES = YES;
				BUNDLE_LOADER = "$(TEST_HOST)";
				CODE_SIGN_STYLE = Automatic;
				DEVELOPMENT_TEAM = WVB4ADN5MV;
				INFOPLIST_FILE = MVVMTests/Info.plist;
				IPHONEOS_DEPLOYMENT_TARGET = 14.4;
				LD_RUNPATH_SEARCH_PATHS = (
					"$(inherited)",
					"@executable_path/Frameworks",
					"@loader_path/Frameworks",
				);
				PRODUCT_BUNDLE_IDENTIFIER = com.db.sample.MVVMTests;
				PRODUCT_NAME = "$(TARGET_NAME)";
				SWIFT_VERSION = 5.0;
				TARGETED_DEVICE_FAMILY = "1,2";
				TEST_HOST = "$(BUILT_PRODUCTS_DIR)/MVVM.app/MVVM";
			};
			name = Release;
		};
		FFDB399828418206000F1699 /* Debug */ = {
			isa = XCBuildConfiguration;
			buildSettings = {
				ALWAYS_EMBED_SWIFT_STANDARD_LIBRARIES = YES;
				CODE_SIGN_STYLE = Automatic;
				DEVELOPMENT_TEAM = WVB4ADN5MV;
				INFOPLIST_FILE = MVVMUITests/Info.plist;
				LD_RUNPATH_SEARCH_PATHS = (
					"$(inherited)",
					"@executable_path/Frameworks",
					"@loader_path/Frameworks",
				);
				PRODUCT_BUNDLE_IDENTIFIER = com.db.sample.MVVMUITests;
				PRODUCT_NAME = "$(TARGET_NAME)";
				SWIFT_VERSION = 5.0;
				TARGETED_DEVICE_FAMILY = "1,2";
				TEST_TARGET_NAME = MVVM;
			};
			name = Debug;
		};
		FFDB399928418206000F1699 /* Release */ = {
			isa = XCBuildConfiguration;
			buildSettings = {
				ALWAYS_EMBED_SWIFT_STANDARD_LIBRARIES = YES;
				CODE_SIGN_STYLE = Automatic;
				DEVELOPMENT_TEAM = WVB4ADN5MV;
				INFOPLIST_FILE = MVVMUITests/Info.plist;
				LD_RUNPATH_SEARCH_PATHS = (
					"$(inherited)",
					"@executable_path/Frameworks",
					"@loader_path/Frameworks",
				);
				PRODUCT_BUNDLE_IDENTIFIER = com.db.sample.MVVMUITests;
				PRODUCT_NAME = "$(TARGET_NAME)";
				SWIFT_VERSION = 5.0;
				TARGETED_DEVICE_FAMILY = "1,2";
				TEST_TARGET_NAME = MVVM;
			};
			name = Release;
		};
/* End XCBuildConfiguration section */

/* Begin XCConfigurationList section */
		FFDB396228418204000F1699 /* Build configuration list for PBXProject "MVVM" */ = {
			isa = XCConfigurationList;
			buildConfigurations = (
				FFDB398F28418206000F1699 /* Debug */,
				FFDB399028418206000F1699 /* Release */,
			);
			defaultConfigurationIsVisible = 0;
			defaultConfigurationName = Release;
		};
		FFDB399128418206000F1699 /* Build configuration list for PBXNativeTarget "MVVM" */ = {
			isa = XCConfigurationList;
			buildConfigurations = (
				FFDB399228418206000F1699 /* Debug */,
				FFDB399328418206000F1699 /* Release */,
			);
			defaultConfigurationIsVisible = 0;
			defaultConfigurationName = Release;
		};
		FFDB399428418206000F1699 /* Build configuration list for PBXNativeTarget "MVVMTests" */ = {
			isa = XCConfigurationList;
			buildConfigurations = (
				FFDB399528418206000F1699 /* Debug */,
				FFDB399628418206000F1699 /* Release */,
			);
			defaultConfigurationIsVisible = 0;
			defaultConfigurationName = Release;
		};
		FFDB399728418206000F1699 /* Build configuration list for PBXNativeTarget "MVVMUITests" */ = {
			isa = XCConfigurationList;
			buildConfigurations = (
				FFDB399828418206000F1699 /* Debug */,
				FFDB399928418206000F1699 /* Release */,
			);
			defaultConfigurationIsVisible = 0;
			defaultConfigurationName = Release;
		};
/* End XCConfigurationList section */
	};
	rootObject = FFDB395F28418204000F1699 /* Project object */;
}
